
Microsoft Visual Studio Solution File, Format Version 12.00
# Visual Studio Version 16
VisualStudioVersion = 16.0.31410.357
MinimumVisualStudioVersion = 10.0.40219.1
Project("{FAE04EC0-301F-11D3-BF4B-00C04F79EFBC}") = "SugoiOfflineTranslatorEndpoint", "SugoiOfflineTranslatorEndpoint\SugoiOfflineTranslatorEndpoint.csproj", "{370B0DB5-5EDB-4E3D-A8BF-B230A7E6B15F}"
EndProject
Project("{FAE04EC0-301F-11D3-BF4B-00C04F79EFBC}") = "SugoiOfflineTranslator.XUATHooks", "SugoiOfflineTranslatorXUATHooks\SugoiOfflineTranslator.XUATHooks.csproj", "{A9278FEA-A69A-40C8-9FEC-5927F2B24057}"
EndProject
Global
	GlobalSection(SolutionConfigurationPlatforms) = preSolution
		Debug|Any CPU = Debug|Any CPU
		Release|Any CPU = Release|Any CPU
	EndGlobalSection
	GlobalSection(ProjectConfigurationPlatforms) = postSolution
		{370B0DB5-5EDB-4E3D-A8BF-B230A7E6B15F}.Debug|Any CPU.ActiveCfg = Debug|Any CPU
		{370B0DB5-5EDB-4E3D-A8BF-B230A7E6B15F}.Debug|Any CPU.Build.0 = Debug|Any CPU
		{370B0DB5-5EDB-4E3D-A8BF-B230A7E6B15F}.Release|Any CPU.ActiveCfg = Release|Any CPU
		{370B0DB5-5EDB-4E3D-A8BF-B230A7E6B15F}.Release|Any CPU.Build.0 = Release|Any CPU
		{A9278FEA-A69A-40C8-9FEC-5927F2B24057}.Debug|Any CPU.ActiveCfg = Debug|Any CPU
		{A9278FEA-A69A-40C8-9FEC-5927F2B24057}.Debug|Any CPU.Build.0 = Debug|Any CPU
		{A9278FEA-A69A-40C8-9FEC-5927F2B24057}.Release|Any CPU.ActiveCfg = Release|Any CPU
		{A9278FEA-A69A-40C8-9FEC-5927F2B24057}.Release|Any CPU.Build.0 = Release|Any CPU
	EndGlobalSection
	GlobalSection(SolutionProperties) = preSolution
		HideSolutionNode = FALSE
	EndGlobalSection
	GlobalSection(ExtensibilityGlobals) = postSolution
		SolutionGuid = {BB3E5A4F-EECA-42C6-9810-9211A0FEB7A8}
	EndGlobalSection
EndGlobal
